
Microsoft Visual Studio Solution File, Format Version 12.00
# Visual Studio Version 17
VisualStudioVersion = 17.4.33122.133
MinimumVisualStudioVersion = 10.0.40219.1
Project("{FAE04EC0-301F-11D3-BF4B-00C04F79EFBC}") = "SpecFlowCompleteCalculator", "SpecFlowCompleteCalculator.csproj", "{D67C2114-B63E-4315-8CA6-B5E77B311A39}"
EndProject
Project("{FAE04EC0-301F-11D3-BF4B-00C04F79EFBC}") = "SpecFlowCompleteCalculator.Specs", "..\SpecFlowCompleteCalculator.Specs\SpecFlowCompleteCalculator.Specs.csproj", "{FA5D2D5F-5E32-4D7E-B688-0C7E48CF96EB}"
EndProject
Global
	GlobalSection(SolutionConfigurationPlatforms) = preSolution
		Debug|Any CPU = Debug|Any CPU
		Release|Any CPU = Release|Any CPU
	EndGlobalSection
	GlobalSection(ProjectConfigurationPlatforms) = postSolution
		{D67C2114-B63E-4315-8CA6-B5E77B311A39}.Debug|Any CPU.ActiveCfg = Debug|Any CPU
		{D67C2114-B63E-4315-8CA6-B5E77B311A39}.Debug|Any CPU.Build.0 = Debug|Any CPU
		{D67C2114-B63E-4315-8CA6-B5E77B311A39}.Release|Any CPU.ActiveCfg = Release|Any CPU
		{D67C2114-B63E-4315-8CA6-B5E77B311A39}.Release|Any CPU.Build.0 = Release|Any CPU
		{FA5D2D5F-5E32-4D7E-B688-0C7E48CF96EB}.Debug|Any CPU.ActiveCfg = Debug|Any CPU
		{FA5D2D5F-5E32-4D7E-B688-0C7E48CF96EB}.Debug|Any CPU.Build.0 = Debug|Any CPU
		{FA5D2D5F-5E32-4D7E-B688-0C7E48CF96EB}.Release|Any CPU.ActiveCfg = Release|Any CPU
		{FA5D2D5F-5E32-4D7E-B688-0C7E48CF96EB}.Release|Any CPU.Build.0 = Release|Any CPU
	EndGlobalSection
	GlobalSection(SolutionProperties) = preSolution
		HideSolutionNode = FALSE
	EndGlobalSection
	GlobalSection(ExtensibilityGlobals) = postSolution
		SolutionGuid = {61F415F7-DB8A-4649-9717-E44011E83ED6}
	EndGlobalSection
EndGlobal
